
Microsoft Visual Studio Solution File, Format Version 12.00
# Visual Studio 15
Project("{FAE04EC0-301F-11D3-BF4B-00C04F79EFBC}") = "Assembly-CSharp", "Assembly-CSharp.csproj", "{D176788F-7397-60CD-9B35-C9ECC0229441}"
EndProject
Project("{FAE04EC0-301F-11D3-BF4B-00C04F79EFBC}") = "NavMeshComponents", "NavMeshComponents.csproj", "{704D506B-2077-5F36-20A0-D323D74277E8}"
EndProject
Project("{FAE04EC0-301F-11D3-BF4B-00C04F79EFBC}") = "NavMeshComponentsEditor", "NavMeshComponentsEditor.csproj", "{682AF40D-AB32-EA3E-2905-DF698B736C0B}"
EndProject
Global
	GlobalSection(SolutionConfigurationPlatforms) = preSolution
		Debug|Any CPU = Debug|Any CPU
		Release|Any CPU = Release|Any CPU
	EndGlobalSection
	GlobalSection(ProjectConfigurationPlatforms) = postSolution
		{D176788F-7397-60CD-9B35-C9ECC0229441}.Debug|Any CPU.ActiveCfg = Debug|Any CPU
		{D176788F-7397-60CD-9B35-C9ECC0229441}.Debug|Any CPU.Build.0 = Debug|Any CPU
		{D176788F-7397-60CD-9B35-C9ECC0229441}.Release|Any CPU.ActiveCfg = Release|Any CPU
		{D176788F-7397-60CD-9B35-C9ECC0229441}.Release|Any CPU.Build.0 = Release|Any CPU
		{704D506B-2077-5F36-20A0-D323D74277E8}.Debug|Any CPU.ActiveCfg = Debug|Any CPU
		{704D506B-2077-5F36-20A0-D323D74277E8}.Debug|Any CPU.Build.0 = Debug|Any CPU
		{704D506B-2077-5F36-20A0-D323D74277E8}.Release|Any CPU.ActiveCfg = Release|Any CPU
		{704D506B-2077-5F36-20A0-D323D74277E8}.Release|Any CPU.Build.0 = Release|Any CPU
		{682AF40D-AB32-EA3E-2905-DF698B736C0B}.Debug|Any CPU.ActiveCfg = Debug|Any CPU
		{682AF40D-AB32-EA3E-2905-DF698B736C0B}.Debug|Any CPU.Build.0 = Debug|Any CPU
		{682AF40D-AB32-EA3E-2905-DF698B736C0B}.Release|Any CPU.ActiveCfg = Release|Any CPU
		{682AF40D-AB32-EA3E-2905-DF698B736C0B}.Release|Any CPU.Build.0 = Release|Any CPU
	EndGlobalSection
	GlobalSection(SolutionProperties) = preSolution
		HideSolutionNode = FALSE
	EndGlobalSection
EndGlobal
